<?xml version="1.0" encoding="utf-8"?>
<Project ToolsVersion="4.0" xmlns="http://schemas.microsoft.com/developer/msbuild/2003">
  <ItemGroup>
    <Filter Include="リソース ファイル">
      <UniqueIdentifier>{67DA6AB6-F800-4c08-8B7A-83BB121AAD01}</UniqueIdentifier>
      <Extensions>rc;ico;cur;bmp;dlg;rc2;rct;bin;rgs;gif;jpg;jpeg;jpe;resx;tiff;tif;png;wav;mfcribbon-ms</Extensions>
    </Filter>
    <Filter Include="Main">
      <UniqueIdentifier>{0413c95a-34e0-45a0-8845-5d6e520805a2}</UniqueIdentifier>
    </Filter>
    <Filter Include="Main\SceneManager">
      <UniqueIdentifier>{ea915182-0c8d-4d0c-baf9-e55bc257f044}</UniqueIdentifier>
    </Filter>
    <Filter Include="Main\SceneManager\SceneFactory">
      <UniqueIdentifier>{8ee961ca-dbcb-49b0-a7ce-2e5478476603}</UniqueIdentifier>
    </Filter>
    <Filter Include="Main\SceneManager\SceneBase">
      <UniqueIdentifier>{df0de377-f78f-44f9-9d09-7b3117f5ba08}</UniqueIdentifier>
    </Filter>
    <Filter Include="Main\SceneManager\SceneBase\GameScene">
      <UniqueIdentifier>{f83b7d6b-93ec-4881-a665-1953d748c464}</UniqueIdentifier>
    </Filter>
    <Filter Include="Main\SceneManager\SceneBase\TitleScene">
      <UniqueIdentifier>{1ebab0cf-e3c3-4d9e-822b-844b628bf630}</UniqueIdentifier>
    </Filter>
    <Filter Include="Main\SceneManager\SceneBase\GameScene\ObjectManager">
      <UniqueIdentifier>{ed8080a0-9b6d-414d-8ef3-27fa2d763302}</UniqueIdentifier>
    </Filter>
    <Filter Include="Main\SceneManager\SceneBase\GameScene\ObjectManager\ObjectBase">
      <UniqueIdentifier>{c4fbac5d-50b5-45c0-adec-9c4f04238b2f}</UniqueIdentifier>
    </Filter>
    <Filter Include="Main\SceneManager\SceneBase\GameScene\ObjectManager\ObjectBase\GameObjectBase">
      <UniqueIdentifier>{131fa76e-e8b5-4833-890e-918a5c0fb1a1}</UniqueIdentifier>
    </Filter>
    <Filter Include="Main\SceneManager\SceneBase\GameScene\ObjectManager\ObjectBase\GameObjectBase\BackGround">
      <UniqueIdentifier>{339b3375-1e2a-4c38-93f2-c32c3fe03fa3}</UniqueIdentifier>
    </Filter>
    <Filter Include="Main\SceneManager\SceneBase\GameScene\ObjectManager\ObjectBase\GameObjectBase\Player">
      <UniqueIdentifier>{c8861474-6e0a-4205-b5e9-8edc1eea2407}</UniqueIdentifier>
    </Filter>
    <Filter Include="Main\SceneManager\SceneBase\GameScene\ObjectManager\ObjectBase\GameObjectBase\Player\HandBase">
      <UniqueIdentifier>{4cd282a3-1bcf-4a2f-a251-b39825fa386c}</UniqueIdentifier>
    </Filter>
    <Filter Include="Main\SceneManager\SceneBase\GameScene\ObjectManager\ObjectBase\GameObjectBase\Player\HandBase\LeftHand">
      <UniqueIdentifier>{427b152c-c28c-4c4b-92e8-4784b487fd80}</UniqueIdentifier>
    </Filter>
    <Filter Include="Main\SceneManager\SceneBase\GameScene\ObjectManager\ObjectBase\GameObjectBase\Player\HandBase\RightHand">
      <UniqueIdentifier>{2c5771ba-31e3-424b-8dc8-4246e1335f3a}</UniqueIdentifier>
    </Filter>
    <Filter Include="Main\SceneManager\SceneBase\GameScene\ObjectManager\ObjectBase\UIBase">
      <UniqueIdentifier>{98887cfb-f6c9-4da8-bb45-e530bb49574e}</UniqueIdentifier>
    </Filter>
    <Filter Include="Main\SceneManager\SceneBase\GameScene\ObjectManager\ObjectBase\UIBase\DistanceGaugeUI">
      <UniqueIdentifier>{0754cc71-c635-4141-830a-57f2f01985ea}</UniqueIdentifier>
    </Filter>
    <Filter Include="Main\SceneManager\SceneBase\GameScene\ObjectManager\ObjectBase\UIBase\DistanceGaugeUI\KnifeBar">
      <UniqueIdentifier>{e0c946db-74c1-447f-872a-fc7ba6e551e4}</UniqueIdentifier>
    </Filter>
    <Filter Include="Main\SceneManager\SceneBase\GameScene\CollisionManager">
      <UniqueIdentifier>{c16f68a4-9305-4eb9-b6c4-2d1111145fa8}</UniqueIdentifier>
    </Filter>
    <Filter Include="Main\SceneManager\SceneBase\GameScene\CollisionManager\CollisionData">
      <UniqueIdentifier>{1c2f900a-8d3a-46fe-a8d0-70b6136fb9ce}</UniqueIdentifier>
    </Filter>
    <Filter Include="Main\SceneManager\SceneBase\GameScene\ObjectManager\ObjectBase\GameObjectBase\KnifeManager">
      <UniqueIdentifier>{f5d67c7b-b6f4-4379-b58f-da140f549d33}</UniqueIdentifier>
    </Filter>
    <Filter Include="Main\SceneManager\SceneBase\GameScene\ObjectManager\ObjectBase\GameObjectBase\KnifeManager\Knife">
      <UniqueIdentifier>{708a076e-a55c-4d1d-98de-a3b76d2035e5}</UniqueIdentifier>
    </Filter>
    <Filter Include="Main\SceneManager\SceneBase\GameScene\ObjectManager\ObjectBase\UIBase\HpGaugeUI">
      <UniqueIdentifier>{0c404221-b3f5-40be-98ef-f1895fdd1e9a}</UniqueIdentifier>
    </Filter>
    <Filter Include="Main\SceneManager\SceneBase\GameScene\ObjectManager\ObjectBase\UIBase\HpGaugeUI\HpIcon">
      <UniqueIdentifier>{2b3744b6-9794-4cdb-aa2e-43db763b5f7c}</UniqueIdentifier>
    </Filter>
    <Filter Include="Main\SceneManager\SceneBase\GameScene\ObjectManager\ObjectBase\UIBase\TimerUI">
      <UniqueIdentifier>{c6dc6e11-6c3c-4115-aad2-0b7e4bd98acd}</UniqueIdentifier>
    </Filter>
    <Filter Include="Main\SceneManager\SceneBase\GameScene\ObjectManager\ObjectBase\UIBase\DistanceGaugeUI\JudgeGaugeUI">
      <UniqueIdentifier>{43124c1e-c21b-46bb-9128-0811b2fee6a6}</UniqueIdentifier>
    </Filter>
    <Filter Include="Main\XInput">
      <UniqueIdentifier>{ac980adf-65da-496a-8789-2d63b236eea1}</UniqueIdentifier>
    </Filter>
    <Filter Include="Main\SceneManager\SceneBase\GameScene\ObjectManager\ObjectBase\GameObjectBase\EnemyManager">
      <UniqueIdentifier>{25bf18f5-9bfa-4264-99f1-c0b19bc24044}</UniqueIdentifier>
    </Filter>
    <Filter Include="Main\SceneManager\SceneBase\GameScene\ObjectManager\ObjectBase\GameObjectBase\EnemyManager\Enemy">
      <UniqueIdentifier>{d6b450f2-32fe-4da6-81c6-e148adddf2ec}</UniqueIdentifier>
    </Filter>
    <Filter Include="Main\SceneManager\SceneBase\TitleScene\TitleBackGround">
      <UniqueIdentifier>{05bee37a-9d5c-4281-8a38-cd1d91d2584f}</UniqueIdentifier>
    </Filter>
    <Filter Include="Main\SceneManager\SceneBase\TitleScene\TitleText">
      <UniqueIdentifier>{cce764d1-5350-48b9-bfaf-141ef2851eef}</UniqueIdentifier>
    </Filter>
    <Filter Include="Main\SceneManager\SceneBase\TitleScene\StartButton">
      <UniqueIdentifier>{c9d4b524-2bab-4af7-8b10-73676fcc7335}</UniqueIdentifier>
    </Filter>
    <Filter Include="Main\SceneManager\GameDataManager">
      <UniqueIdentifier>{7b11333c-8c19-474e-a155-042c8b03fede}</UniqueIdentifier>
    </Filter>
    <Filter Include="Main\SceneManager\SceneBase\ResultScene">
      <UniqueIdentifier>{d8eb5d7c-40b5-4d1b-b541-7a5797d9b96d}</UniqueIdentifier>
    </Filter>
    <Filter Include="Main\SceneManager\SceneBase\ResultScene\ClearText">
      <UniqueIdentifier>{9c4273b0-7f1a-424b-87e1-051abd7c03ae}</UniqueIdentifier>
    </Filter>
    <Filter Include="Main\SceneManager\SceneBase\ResultScene\ReturnTitleText">
      <UniqueIdentifier>{35d21f4e-0721-4560-82bc-dd6dba53de4c}</UniqueIdentifier>
    </Filter>
    <Filter Include="Main\SceneManager\SceneBase\ResultScene\ContinueText">
      <UniqueIdentifier>{ebf53598-c4be-4cfe-bca2-b3698d54cdce}</UniqueIdentifier>
    </Filter>
    <Filter Include="Main\SceneManager\SceneBase\GameScene\ObjectManager\ObjectBase\UIBase\ScoreWindowUI">
      <UniqueIdentifier>{14cc7c3f-3c26-4ba1-8d77-ea1f69d46c36}</UniqueIdentifier>
    </Filter>
    <Filter Include="Main\SceneManager\SceneBase\GameScene\ObjectManager\ObjectBase\UIBase\ScoreWindowUI\GoodText">
      <UniqueIdentifier>{365d076f-8883-4f73-9c05-b254a74cfd63}</UniqueIdentifier>
    </Filter>
    <Filter Include="Main\SceneManager\SceneBase\GameScene\ObjectManager\ObjectBase\UIBase\ScoreWindowUI\AmazingText">
      <UniqueIdentifier>{10a0a492-4132-4603-be9e-d653c392a8f5}</UniqueIdentifier>
    </Filter>
    <Filter Include="Main\SceneManager\SceneBase\GameScene\ObjectManager\ObjectBase\UIBase\ScoreWindowUI\FantasticText">
      <UniqueIdentifier>{581afdc0-72e0-4de9-8e21-f92daefdafdb}</UniqueIdentifier>
    </Filter>
    <Filter Include="Main\SceneManager\SceneBase\GameScene\ObjectManager\ObjectBase\UIBase\ScoreWindowUI\ScoreBase">
      <UniqueIdentifier>{507c8879-b228-4615-b0da-70907ccb3ea3}</UniqueIdentifier>
    </Filter>
    <Filter Include="Main\SceneManager\SceneBase\ResultScene\BackGround">
      <UniqueIdentifier>{ab252378-64de-41fa-8664-190e10620c4b}</UniqueIdentifier>
    </Filter>
    <Filter Include="Main\SceneManager\SceneBase\ResultScene\TimeWindow">
      <UniqueIdentifier>{f8b1f093-0b55-429e-a054-6320c9e4c7a8}</UniqueIdentifier>
    </Filter>
    <Filter Include="Main\SceneManager\SceneBase\ResultScene\JudgeCountWindow">
      <UniqueIdentifier>{7c78028f-a155-47a6-8f4e-0706115a843a}</UniqueIdentifier>
    </Filter>
    <Filter Include="Main\SceneManager\SceneBase\ResultScene\JudgeCountWindow\CountDisplayBase">
      <UniqueIdentifier>{2514da17-6b3b-4086-aec1-a502c52d14cc}</UniqueIdentifier>
    </Filter>
    <Filter Include="Main\SceneManager\SceneBase\ResultScene\JudgeCountWindow\CountDisplayBase\GoodCountDisplay">
      <UniqueIdentifier>{b2d193cc-b591-4ee3-88c9-71b1cdf2a54b}</UniqueIdentifier>
    </Filter>
    <Filter Include="Main\SceneManager\SceneBase\ResultScene\ScoreWindow">
      <UniqueIdentifier>{b0037990-90ca-4dba-b0d9-5e5f59cbeddd}</UniqueIdentifier>
    </Filter>
    <Filter Include="Main\SceneManager\SceneBase\ResultScene\JudgeCountWindow\CountDisplayBase\FantasticCountDisplay">
      <UniqueIdentifier>{6e177da3-06c5-4d8a-8d8f-38b0e11dc57d}</UniqueIdentifier>
    </Filter>
    <Filter Include="Main\SceneManager\SceneBase\ResultScene\JudgeCountWindow\CountDisplayBase\AmazingCountDisplay">
      <UniqueIdentifier>{1d7f323d-de94-46f7-986c-2ba80f23cbdd}</UniqueIdentifier>
    </Filter>
  </ItemGroup>
  <ItemGroup>
    <ClCompile Include="Main\SceneManager\SceneBase\GameScene\GameScene.cpp">
      <Filter>Main\SceneManager\SceneBase\GameScene</Filter>
    </ClCompile>
    <ClCompile Include="Main\SceneManager\SceneBase\TitleScene\TitleScene.cpp">
      <Filter>Main\SceneManager\SceneBase\TitleScene</Filter>
    </ClCompile>
    <ClCompile Include="Main\SceneManager\SceneBase\SceneBase.cpp">
      <Filter>Main\SceneManager\SceneBase</Filter>
    </ClCompile>
    <ClCompile Include="Main\SceneManager\SceneFactory\SceneFactory.cpp">
      <Filter>Main\SceneManager\SceneFactory</Filter>
    </ClCompile>
    <ClCompile Include="Main\SceneManager\SceneManager.cpp">
      <Filter>Main\SceneManager</Filter>
    </ClCompile>
    <ClCompile Include="Main\Main.cpp">
      <Filter>Main</Filter>
    </ClCompile>
    <ClCompile Include="Main\SceneManager\SceneBase\GameScene\ObjectManager\ObjectManager.cpp">
      <Filter>Main\SceneManager\SceneBase\GameScene\ObjectManager</Filter>
    </ClCompile>
    <ClCompile Include="Main\SceneManager\SceneBase\GameScene\ObjectManager\ObjectBase\GameObjectBase\BackGround\BackGround.cpp">
      <Filter>Main\SceneManager\SceneBase\GameScene\ObjectManager\ObjectBase\GameObjectBase\BackGround</Filter>
    </ClCompile>
    <ClCompile Include="Main\SceneManager\SceneBase\GameScene\ObjectManager\ObjectBase\GameObjectBase\Player\HandBase\LeftHand\LeftHand.cpp">
      <Filter>Main\SceneManager\SceneBase\GameScene\ObjectManager\ObjectBase\GameObjectBase\Player\HandBase\LeftHand</Filter>
    </ClCompile>
    <ClCompile Include="Main\SceneManager\SceneBase\GameScene\ObjectManager\ObjectBase\GameObjectBase\Player\HandBase\RightHand\RightHand.cpp">
      <Filter>Main\SceneManager\SceneBase\GameScene\ObjectManager\ObjectBase\GameObjectBase\Player\HandBase\RightHand</Filter>
    </ClCompile>
    <ClCompile Include="Main\SceneManager\SceneBase\GameScene\ObjectManager\ObjectBase\GameObjectBase\Player\HandBase\HandBase.cpp">
      <Filter>Main\SceneManager\SceneBase\GameScene\ObjectManager\ObjectBase\GameObjectBase\Player\HandBase</Filter>
    </ClCompile>
    <ClCompile Include="Main\SceneManager\SceneBase\GameScene\ObjectManager\ObjectBase\GameObjectBase\Player\Player.cpp">
      <Filter>Main\SceneManager\SceneBase\GameScene\ObjectManager\ObjectBase\GameObjectBase\Player</Filter>
    </ClCompile>
    <ClCompile Include="Main\SceneManager\SceneBase\GameScene\ObjectManager\ObjectBase\UIBase\DistanceGaugeUI\DistanceGaugeUI.cpp">
      <Filter>Main\SceneManager\SceneBase\GameScene\ObjectManager\ObjectBase\UIBase\DistanceGaugeUI</Filter>
    </ClCompile>
    <ClCompile Include="Main\SceneManager\SceneBase\GameScene\ObjectManager\ObjectBase\UIBase\DistanceGaugeUI\KnifeBar\KnifeBar.cpp">
      <Filter>Main\SceneManager\SceneBase\GameScene\ObjectManager\ObjectBase\UIBase\DistanceGaugeUI\KnifeBar</Filter>
    </ClCompile>
    <ClCompile Include="Main\SceneManager\SceneBase\GameScene\CollisionManager\CollisionManager.cpp">
      <Filter>Main\SceneManager\SceneBase\GameScene\CollisionManager</Filter>
    </ClCompile>
    <ClCompile Include="Main\SceneManager\SceneBase\GameScene\CollisionManager\CollisionData\CollisionData.cpp">
      <Filter>Main\SceneManager\SceneBase\GameScene\CollisionManager\CollisionData</Filter>
    </ClCompile>
    <ClCompile Include="Main\SceneManager\SceneBase\GameScene\ObjectManager\ObjectBase\GameObjectBase\KnifeManager\KnifeManager.cpp">
      <Filter>Main\SceneManager\SceneBase\GameScene\ObjectManager\ObjectBase\GameObjectBase\KnifeManager</Filter>
    </ClCompile>
    <ClCompile Include="Main\SceneManager\SceneBase\GameScene\ObjectManager\ObjectBase\GameObjectBase\KnifeManager\Knife\Knife.cpp">
      <Filter>Main\SceneManager\SceneBase\GameScene\ObjectManager\ObjectBase\GameObjectBase\KnifeManager\Knife</Filter>
    </ClCompile>
    <ClCompile Include="Main\SceneManager\SceneBase\GameScene\ObjectManager\ObjectBase\UIBase\HpGaugeUI\HpGaugeUI.cpp">
      <Filter>Main\SceneManager\SceneBase\GameScene\ObjectManager\ObjectBase\UIBase\HpGaugeUI</Filter>
    </ClCompile>
    <ClCompile Include="Main\SceneManager\SceneBase\GameScene\ObjectManager\ObjectBase\UIBase\HpGaugeUI\HpIcon\HpIcon.cpp">
      <Filter>Main\SceneManager\SceneBase\GameScene\ObjectManager\ObjectBase\UIBase\HpGaugeUI\HpIcon</Filter>
    </ClCompile>
    <ClCompile Include="Main\SceneManager\SceneBase\GameScene\ObjectManager\ObjectBase\UIBase\TimerUI\TimerUI.cpp">
      <Filter>Main\SceneManager\SceneBase\GameScene\ObjectManager\ObjectBase\UIBase\TimerUI</Filter>
    </ClCompile>
    <ClCompile Include="Main\SceneManager\SceneBase\GameScene\ObjectManager\ObjectBase\UIBase\DistanceGaugeUI\JudgeGaugeUI\JudgeGaugeUI.cpp">
      <Filter>Main\SceneManager\SceneBase\GameScene\ObjectManager\ObjectBase\UIBase\DistanceGaugeUI\JudgeGaugeUI</Filter>
    </ClCompile>
    <ClCompile Include="Main\XInput\XInput.cpp">
      <Filter>Main\XInput</Filter>
    </ClCompile>
    <ClCompile Include="Main\SceneManager\SceneBase\GameScene\ObjectManager\ObjectBase\GameObjectBase\EnemyManager\EnemyManager.cpp">
      <Filter>Main\SceneManager\SceneBase\GameScene\ObjectManager\ObjectBase\GameObjectBase\EnemyManager</Filter>
    </ClCompile>
    <ClCompile Include="Main\SceneManager\SceneBase\GameScene\ObjectManager\ObjectBase\GameObjectBase\EnemyManager\Enemy\Enemy.cpp">
      <Filter>Main\SceneManager\SceneBase\GameScene\ObjectManager\ObjectBase\GameObjectBase\EnemyManager\Enemy</Filter>
    </ClCompile>
    <ClCompile Include="Main\SceneManager\SceneBase\TitleScene\TitleBackGround\TitleBackGround.cpp">
      <Filter>Main\SceneManager\SceneBase\TitleScene\TitleBackGround</Filter>
    </ClCompile>
    <ClCompile Include="Main\SceneManager\SceneBase\TitleScene\TitleText\TitleText.cpp">
      <Filter>Main\SceneManager\SceneBase\TitleScene\TitleText</Filter>
    </ClCompile>
    <ClCompile Include="Main\SceneManager\SceneBase\TitleScene\StartButton\StartButton.cpp">
      <Filter>Main\SceneManager\SceneBase\TitleScene\StartButton</Filter>
    </ClCompile>
    <ClCompile Include="Main\SceneManager\SceneBase\GameDataManager\GameDataManager.cpp">
      <Filter>Main\SceneManager\GameDataManager</Filter>
    </ClCompile>
    <ClCompile Include="Main\SceneManager\SceneBase\ResultScene\ResultScene.cpp">
      <Filter>Main\SceneManager\SceneBase\ResultScene</Filter>
    </ClCompile>
    <ClCompile Include="Main\SceneManager\SceneBase\ResultScene\ClearText\ClearText.cpp">
      <Filter>Main\SceneManager\SceneBase\ResultScene\ClearText</Filter>
    </ClCompile>
    <ClCompile Include="Main\SceneManager\SceneBase\ResultScene\ReturnTitleText\ReturnTitleText.cpp">
      <Filter>Main\SceneManager\SceneBase\ResultScene\ReturnTitleText</Filter>
    </ClCompile>
    <ClCompile Include="Main\SceneManager\SceneBase\ResultScene\ContinueText\ContinueText.cpp">
      <Filter>Main\SceneManager\SceneBase\ResultScene\ContinueText</Filter>
    </ClCompile>
    <ClCompile Include="Main\SceneManager\SceneBase\GameScene\ObjectManager\ObjectBase\UIBase\ScoreWindow\ScoreBase\AmazingText\AmazingText.cpp">
      <Filter>Main\SceneManager\SceneBase\GameScene\ObjectManager\ObjectBase\UIBase\ScoreWindowUI\AmazingText</Filter>
    </ClCompile>
    <ClCompile Include="Main\SceneManager\SceneBase\GameScene\ObjectManager\ObjectBase\UIBase\ScoreWindow\ScoreBase\FantasticText\FantasticText.cpp">
      <Filter>Main\SceneManager\SceneBase\GameScene\ObjectManager\ObjectBase\UIBase\ScoreWindowUI\FantasticText</Filter>
    </ClCompile>
    <ClCompile Include="Main\SceneManager\SceneBase\GameScene\ObjectManager\ObjectBase\UIBase\ScoreWindow\ScoreBase\GoodText\GoodText.cpp">
      <Filter>Main\SceneManager\SceneBase\GameScene\ObjectManager\ObjectBase\UIBase\ScoreWindowUI\GoodText</Filter>
    </ClCompile>
    <ClCompile Include="Main\SceneManager\SceneBase\GameScene\ObjectManager\ObjectBase\UIBase\ScoreWindow\ScoreBase\ScoreBase.cpp">
      <Filter>Main\SceneManager\SceneBase\GameScene\ObjectManager\ObjectBase\UIBase\ScoreWindowUI\ScoreBase</Filter>
    </ClCompile>
    <ClCompile Include="Main\SceneManager\SceneBase\GameScene\ObjectManager\ObjectBase\UIBase\ScoreWindow\ScoreWindow.cpp">
      <Filter>Main\SceneManager\SceneBase\GameScene\ObjectManager\ObjectBase\UIBase\ScoreWindowUI</Filter>
    </ClCompile>
    <ClCompile Include="Main\SceneManager\SceneBase\ResultScene\BackGround\ResultBackGround.cpp">
      <Filter>Main\SceneManager\SceneBase\ResultScene\BackGround</Filter>
    </ClCompile>
    <ClCompile Include="Main\SceneManager\SceneBase\ResultScene\TimeWindow\TimeWindow.cpp">
      <Filter>Main\SceneManager\SceneBase\ResultScene\TimeWindow</Filter>
    </ClCompile>
    <ClCompile Include="Main\SceneManager\SceneBase\ResultScene\JudgeCountWindow\CountDisplayBase\AmazingCountDisplay\AmazingCountDisplay.cpp">
      <Filter>Main\SceneManager\SceneBase\ResultScene\JudgeCountWindow\CountDisplayBase\AmazingCountDisplay</Filter>
    </ClCompile>
    <ClCompile Include="Main\SceneManager\SceneBase\ResultScene\JudgeCountWindow\CountDisplayBase\FantasticCountDisplay\FantasticCountDisplay.cpp">
      <Filter>Main\SceneManager\SceneBase\ResultScene\JudgeCountWindow\CountDisplayBase\FantasticCountDisplay</Filter>
    </ClCompile>
    <ClCompile Include="Main\SceneManager\SceneBase\ResultScene\JudgeCountWindow\CountDisplayBase\GoodCountDisplay\GoodCountDisplay.cpp">
      <Filter>Main\SceneManager\SceneBase\ResultScene\JudgeCountWindow\CountDisplayBase\GoodCountDisplay</Filter>
    </ClCompile>
    <ClCompile Include="Main\SceneManager\SceneBase\ResultScene\JudgeCountWindow\CountDisplayBase\CountDisplayBase.cpp">
      <Filter>Main\SceneManager\SceneBase\ResultScene\JudgeCountWindow\CountDisplayBase</Filter>
    </ClCompile>
    <ClCompile Include="Main\SceneManager\SceneBase\ResultScene\JudgeCountWindow\JudgeCountWindow.cpp">
      <Filter>Main\SceneManager\SceneBase\ResultScene\JudgeCountWindow</Filter>
    </ClCompile>
    <ClCompile Include="Main\SceneManager\SceneBase\ResultScene\ScoreWindow\ResultScoreWindow.cpp">
      <Filter>Main\SceneManager\SceneBase\ResultScene\ScoreWindow</Filter>
    </ClCompile>
  </ItemGroup>
  <ItemGroup>
    <ClInclude Include="Main\SceneManager\SceneBase\GameScene\GameScene.h">
      <Filter>Main\SceneManager\SceneBase\GameScene</Filter>
    </ClInclude>
    <ClInclude Include="Main\SceneManager\SceneBase\TitleScene\TitleScene.h">
      <Filter>Main\SceneManager\SceneBase\TitleScene</Filter>
    </ClInclude>
    <ClInclude Include="Main\SceneManager\SceneBase\SceneBase.h">
      <Filter>Main\SceneManager\SceneBase</Filter>
    </ClInclude>
    <ClInclude Include="Main\SceneManager\SceneFactory\SceneFactory.h">
      <Filter>Main\SceneManager\SceneFactory</Filter>
    </ClInclude>
    <ClInclude Include="Main\SceneManager\SceneManager.h">
      <Filter>Main\SceneManager</Filter>
    </ClInclude>
    <ClInclude Include="Main\SceneManager\SceneBase\GameScene\ObjectManager\ObjectBase\ObjectBase.h">
      <Filter>Main\SceneManager\SceneBase\GameScene\ObjectManager\ObjectBase</Filter>
    </ClInclude>
    <ClInclude Include="Main\SceneManager\SceneBase\GameScene\ObjectManager\ObjectManager.h">
      <Filter>Main\SceneManager\SceneBase\GameScene\ObjectManager</Filter>
    </ClInclude>
    <ClInclude Include="Main\SceneManager\SceneBase\GameScene\ObjectManager\ObjectBase\GameObjectBase\BackGround\BackGround.h">
      <Filter>Main\SceneManager\SceneBase\GameScene\ObjectManager\ObjectBase\GameObjectBase\BackGround</Filter>
    </ClInclude>
    <ClInclude Include="Main\SceneManager\SceneBase\GameScene\ObjectManager\ObjectBase\GameObjectBase\Player\HandBase\LeftHand\LeftHand.h">
      <Filter>Main\SceneManager\SceneBase\GameScene\ObjectManager\ObjectBase\GameObjectBase\Player\HandBase\LeftHand</Filter>
    </ClInclude>
    <ClInclude Include="Main\SceneManager\SceneBase\GameScene\ObjectManager\ObjectBase\GameObjectBase\Player\HandBase\RightHand\RightHand.h">
      <Filter>Main\SceneManager\SceneBase\GameScene\ObjectManager\ObjectBase\GameObjectBase\Player\HandBase\RightHand</Filter>
    </ClInclude>
    <ClInclude Include="Main\SceneManager\SceneBase\GameScene\ObjectManager\ObjectBase\GameObjectBase\Player\HandBase\HandBase.h">
      <Filter>Main\SceneManager\SceneBase\GameScene\ObjectManager\ObjectBase\GameObjectBase\Player\HandBase</Filter>
    </ClInclude>
    <ClInclude Include="Main\SceneManager\SceneBase\GameScene\ObjectManager\ObjectBase\GameObjectBase\Player\Player.h">
      <Filter>Main\SceneManager\SceneBase\GameScene\ObjectManager\ObjectBase\GameObjectBase\Player</Filter>
    </ClInclude>
    <ClInclude Include="Main\SceneManager\SceneBase\GameScene\ObjectManager\ObjectBase\GameObjectBase\GameObjectBase.h">
      <Filter>Main\SceneManager\SceneBase\GameScene\ObjectManager\ObjectBase\GameObjectBase</Filter>
    </ClInclude>
    <ClInclude Include="Main\SceneManager\SceneBase\GameScene\ObjectManager\ObjectBase\UIBase\UIBase.h">
      <Filter>Main\SceneManager\SceneBase\GameScene\ObjectManager\ObjectBase\UIBase</Filter>
    </ClInclude>
    <ClInclude Include="Main\SceneManager\SceneBase\GameScene\ObjectManager\ObjectBase\UIBase\DistanceGaugeUI\DistanceGaugeUI.h">
      <Filter>Main\SceneManager\SceneBase\GameScene\ObjectManager\ObjectBase\UIBase\DistanceGaugeUI</Filter>
    </ClInclude>
    <ClInclude Include="Main\SceneManager\SceneBase\GameScene\ObjectManager\ObjectBase\UIBase\DistanceGaugeUI\KnifeBar\KnifeBar.h">
      <Filter>Main\SceneManager\SceneBase\GameScene\ObjectManager\ObjectBase\UIBase\DistanceGaugeUI\KnifeBar</Filter>
    </ClInclude>
    <ClInclude Include="Main\SceneManager\SceneBase\GameScene\CollisionManager\CollisionData\CollisionData.h">
      <Filter>Main\SceneManager\SceneBase\GameScene\CollisionManager\CollisionData</Filter>
    </ClInclude>
    <ClInclude Include="Main\SceneManager\SceneBase\GameScene\ObjectManager\ObjectBase\GameObjectBase\KnifeManager\KnifeManager.h">
      <Filter>Main\SceneManager\SceneBase\GameScene\ObjectManager\ObjectBase\GameObjectBase\KnifeManager</Filter>
    </ClInclude>
    <ClInclude Include="Main\SceneManager\SceneBase\GameScene\ObjectManager\ObjectBase\GameObjectBase\KnifeManager\Knife\Knife.h">
      <Filter>Main\SceneManager\SceneBase\GameScene\ObjectManager\ObjectBase\GameObjectBase\KnifeManager\Knife</Filter>
    </ClInclude>
    <ClInclude Include="Main\SceneManager\SceneBase\GameScene\CollisionManager\CollisionManager.h">
      <Filter>Main\SceneManager\SceneBase\GameScene\CollisionManager</Filter>
    </ClInclude>
    <ClInclude Include="Main\SceneManager\SceneBase\GameScene\ObjectManager\ObjectBase\UIBase\HpGaugeUI\HpGaugeUI.h">
      <Filter>Main\SceneManager\SceneBase\GameScene\ObjectManager\ObjectBase\UIBase\HpGaugeUI</Filter>
    </ClInclude>
    <ClInclude Include="Main\SceneManager\SceneBase\GameScene\ObjectManager\ObjectBase\UIBase\HpGaugeUI\HpIcon\HpIcon.h">
      <Filter>Main\SceneManager\SceneBase\GameScene\ObjectManager\ObjectBase\UIBase\HpGaugeUI\HpIcon</Filter>
    </ClInclude>
    <ClInclude Include="Main\SceneManager\SceneBase\GameScene\ObjectManager\ObjectBase\UIBase\TimerUI\TimerUI.h">
      <Filter>Main\SceneManager\SceneBase\GameScene\ObjectManager\ObjectBase\UIBase\TimerUI</Filter>
    </ClInclude>
    <ClInclude Include="Main\SceneManager\SceneBase\GameScene\ObjectManager\ObjectBase\UIBase\DistanceGaugeUI\JudgeGaugeUI\JudgeGaugeUI.h">
      <Filter>Main\SceneManager\SceneBase\GameScene\ObjectManager\ObjectBase\UIBase\DistanceGaugeUI\JudgeGaugeUI</Filter>
    </ClInclude>
    <ClInclude Include="Main\XInput\XInput.h">
      <Filter>Main\XInput</Filter>
    </ClInclude>
    <ClInclude Include="Main\SceneManager\SceneBase\GameScene\ObjectManager\ObjectBase\GameObjectBase\EnemyManager\EnemyManager.h">
      <Filter>Main\SceneManager\SceneBase\GameScene\ObjectManager\ObjectBase\GameObjectBase\EnemyManager</Filter>
    </ClInclude>
    <ClInclude Include="Main\SceneManager\SceneBase\GameScene\ObjectManager\ObjectBase\GameObjectBase\EnemyManager\Enemy\Enemy.h">
      <Filter>Main\SceneManager\SceneBase\GameScene\ObjectManager\ObjectBase\GameObjectBase\EnemyManager\Enemy</Filter>
    </ClInclude>
    <ClInclude Include="Main\SceneManager\SceneBase\TitleScene\TitleBackGround\TitleBackGround.h">
      <Filter>Main\SceneManager\SceneBase\TitleScene\TitleBackGround</Filter>
    </ClInclude>
    <ClInclude Include="Main\SceneManager\SceneBase\TitleScene\TitleText\TitleText.h">
      <Filter>Main\SceneManager\SceneBase\TitleScene\TitleText</Filter>
    </ClInclude>
    <ClInclude Include="Main\SceneManager\SceneBase\TitleScene\StartButton\StartButton.h">
      <Filter>Main\SceneManager\SceneBase\TitleScene\StartButton</Filter>
    </ClInclude>
    <ClInclude Include="Main\SceneManager\SceneBase\GameDataManager\GameDataManager.h">
      <Filter>Main\SceneManager\GameDataManager</Filter>
    </ClInclude>
    <ClInclude Include="Main\SceneManager\SceneBase\ResultScene\ResultScene.h">
      <Filter>Main\SceneManager\SceneBase\ResultScene</Filter>
    </ClInclude>
    <ClInclude Include="Main\SceneManager\SceneBase\ResultScene\ClearText\ClearText.h">
      <Filter>Main\SceneManager\SceneBase\ResultScene\ClearText</Filter>
    </ClInclude>
    <ClInclude Include="Main\SceneManager\SceneBase\ResultScene\ReturnTitleText\ReturnTitleText.h">
      <Filter>Main\SceneManager\SceneBase\ResultScene\ReturnTitleText</Filter>
    </ClInclude>
    <ClInclude Include="Main\SceneManager\SceneBase\ResultScene\ContinueText\ContinueText.h">
      <Filter>Main\SceneManager\SceneBase\ResultScene\ContinueText</Filter>
    </ClInclude>
    <ClInclude Include="Main\SceneManager\SceneBase\GameScene\ObjectManager\ObjectBase\UIBase\ScoreWindow\ScoreBase\AmazingText\AmazingText.h">
      <Filter>Main\SceneManager\SceneBase\GameScene\ObjectManager\ObjectBase\UIBase\ScoreWindowUI\AmazingText</Filter>
    </ClInclude>
    <ClInclude Include="Main\SceneManager\SceneBase\GameScene\ObjectManager\ObjectBase\UIBase\ScoreWindow\ScoreBase\FantasticText\FantasticText.h">
      <Filter>Main\SceneManager\SceneBase\GameScene\ObjectManager\ObjectBase\UIBase\ScoreWindowUI\FantasticText</Filter>
    </ClInclude>
    <ClInclude Include="Main\SceneManager\SceneBase\GameScene\ObjectManager\ObjectBase\UIBase\ScoreWindow\ScoreBase\GoodText\GoodText.h">
      <Filter>Main\SceneManager\SceneBase\GameScene\ObjectManager\ObjectBase\UIBase\ScoreWindowUI\GoodText</Filter>
    </ClInclude>
    <ClInclude Include="Main\SceneManager\SceneBase\GameScene\ObjectManager\ObjectBase\UIBase\ScoreWindow\ScoreBase\ScoreBase.h">
      <Filter>Main\SceneManager\SceneBase\GameScene\ObjectManager\ObjectBase\UIBase\ScoreWindowUI\ScoreBase</Filter>
    </ClInclude>
    <ClInclude Include="Main\SceneManager\SceneBase\GameScene\ObjectManager\ObjectBase\UIBase\ScoreWindow\ScoreWindow.h">
      <Filter>Main\SceneManager\SceneBase\GameScene\ObjectManager\ObjectBase\UIBase\ScoreWindowUI</Filter>
    </ClInclude>
    <ClInclude Include="Main\SceneManager\SceneBase\ResultScene\BackGround\ResultBackGround.h">
      <Filter>Main\SceneManager\SceneBase\ResultScene\BackGround</Filter>
    </ClInclude>
    <ClInclude Include="Main\SceneManager\SceneBase\ResultScene\TimeWindow\TimeWindow.h">
      <Filter>Main\SceneManager\SceneBase\ResultScene\TimeWindow</Filter>
    </ClInclude>
    <ClInclude Include="Main\SceneManager\SceneBase\ResultScene\JudgeCountWindow\CountDisplayBase\AmazingCountDisplay\AmazingCountDisplay.h">
      <Filter>Main\SceneManager\SceneBase\ResultScene\JudgeCountWindow\CountDisplayBase\AmazingCountDisplay</Filter>
    </ClInclude>
    <ClInclude Include="Main\SceneManager\SceneBase\ResultScene\JudgeCountWindow\CountDisplayBase\FantasticCountDisplay\FantasticCountDisplay.h">
      <Filter>Main\SceneManager\SceneBase\ResultScene\JudgeCountWindow\CountDisplayBase\FantasticCountDisplay</Filter>
    </ClInclude>
    <ClInclude Include="Main\SceneManager\SceneBase\ResultScene\JudgeCountWindow\CountDisplayBase\GoodCountDisplay\GoodCountDisplay.h">
      <Filter>Main\SceneManager\SceneBase\ResultScene\JudgeCountWindow\CountDisplayBase\GoodCountDisplay</Filter>
    </ClInclude>
    <ClInclude Include="Main\SceneManager\SceneBase\ResultScene\JudgeCountWindow\CountDisplayBase\CountDisplayBase.h">
      <Filter>Main\SceneManager\SceneBase\ResultScene\JudgeCountWindow\CountDisplayBase</Filter>
    </ClInclude>
    <ClInclude Include="Main\SceneManager\SceneBase\ResultScene\JudgeCountWindow\JudgeCountWindow.h">
      <Filter>Main\SceneManager\SceneBase\ResultScene\JudgeCountWindow</Filter>
    </ClInclude>
    <ClInclude Include="Main\SceneManager\SceneBase\ResultScene\ScoreWindow\ResultScoreWindow.h">
      <Filter>Main\SceneManager\SceneBase\ResultScene\ScoreWindow</Filter>
    </ClInclude>
  </ItemGroup>
</Project>